
Microsoft Visual Studio Solution File, Format Version 12.00
# Visual Studio Version 16
VisualStudioVersion = 16.0.31205.134
MinimumVisualStudioVersion = 10.0.40219.1
Project("{9A19103F-16F7-4668-BE54-9A1E7A4F7556}") = "ClassTestApp", "ClassTestApp\ClassTestApp.csproj", "{D7073512-6B97-469D-88D6-8778121F7A45}"
EndProject
Project("{9A19103F-16F7-4668-BE54-9A1E7A4F7556}") = "InterfaceTestApp", "InterfaceTestApp\InterfaceTestApp.csproj", "{2EA89D4F-FC7F-4C56-A4F9-45D9DA7962C5}"
EndProject
Project("{9A19103F-16F7-4668-BE54-9A1E7A4F7556}") = "UsinginterfaceTestApp", "UsinginterfaceTestApp\UsinginterfaceTestApp.csproj", "{76C7BF38-819A-46EF-912F-09A826B44092}"
EndProject
Project("{9A19103F-16F7-4668-BE54-9A1E7A4F7556}") = "AbstractClassTestApp", "AbstractClassTestApp\AbstractClassTestApp.csproj", "{0D9C7399-EE36-47E3-9D07-98476310C796}"
EndProject
Project("{9A19103F-16F7-4668-BE54-9A1E7A4F7556}") = "PropertyTestApp", "PropertyTestApp\PropertyTestApp.csproj", "{30B75C84-6B2A-4B1C-A939-CFC4ACC68437}"
EndProject
Project("{9A19103F-16F7-4668-BE54-9A1E7A4F7556}") = "ArrayTestApp", "ArrayTestApp\ArrayTestApp.csproj", "{5D33C455-F7F9-4DA3-8F97-C31B786DEB5A}"
EndProject
Project("{9A19103F-16F7-4668-BE54-9A1E7A4F7556}") = "ArrayClassTestApp", "ArrayClassTestApp\ArrayClassTestApp.csproj", "{61EBEAA7-D479-42FE-9672-F5ED788CDF9A}"
EndProject
Project("{9A19103F-16F7-4668-BE54-9A1E7A4F7556}") = "CollectionTestApp", "CollectionTestApp\CollectionTestApp.csproj", "{541B1E61-082E-41C1-B381-C9390C3652E5}"
EndProject
Project("{9A19103F-16F7-4668-BE54-9A1E7A4F7556}") = "QueueTestApp", "QueueTestApp\QueueTestApp.csproj", "{C0CE075B-811A-4EC9-AB23-6D6056D5C164}"
EndProject
Project("{9A19103F-16F7-4668-BE54-9A1E7A4F7556}") = "IndexerTestApp", "IndexerTestApp\IndexerTestApp.csproj", "{08ED15B9-7D55-4035-AC10-A89D424323EF}"
EndProject
Project("{9A19103F-16F7-4668-BE54-9A1E7A4F7556}") = "GenericTestApp", "GenericTestApp\GenericTestApp.csproj", "{6A46A9CB-5B2E-438A-98E6-A9895C960F02}"
EndProject
Project("{9A19103F-16F7-4668-BE54-9A1E7A4F7556}") = "GenericTestApp2", "GenericTestApp2\GenericTestApp2.csproj", "{DDF8CA48-BE03-4BF5-A380-668664B6DFFF}"
EndProject
Project("{9A19103F-16F7-4668-BE54-9A1E7A4F7556}") = "GenericMyListApp", "GenericMyListApp\GenericMyListApp.csproj", "{0C7CC1FF-8DB5-49C4-BEF0-F19F145F261D}"
EndProject
Project("{9A19103F-16F7-4668-BE54-9A1E7A4F7556}") = "GenericCollectionApp", "GenericCollectionApp\GenericCollectionApp.csproj", "{2EA99500-DCF4-4D39-A85C-27045B87D557}"
EndProject
Project("{9A19103F-16F7-4668-BE54-9A1E7A4F7556}") = "ExceptionTestApp", "ExceptionTestApp\ExceptionTestApp.csproj", "{7A967FF1-BAE1-434D-BA8C-9CF8542C9CCF}"
EndProject
Project("{9A19103F-16F7-4668-BE54-9A1E7A4F7556}") = "DelegateTestApp", "DelegateTestApp\DelegateTestApp.csproj", "{E50E4A29-67A7-40B3-A6A4-D76281751D35}"
EndProject
Project("{9A19103F-16F7-4668-BE54-9A1E7A4F7556}") = "DelegateChainTestApp", "DelegateChainTestApp\DelegateChainTestApp.csproj", "{47E865D6-04BD-4C71-B8DC-CE7E0330D61E}"
EndProject
Project("{9A19103F-16F7-4668-BE54-9A1E7A4F7556}") = "EventHandlerTestApp", "EventHandlerTestApp\EventHandlerTestApp.csproj", "{D8EF1467-1B9C-4C8C-97E3-77AF400E0BFA}"
EndProject
Project("{9A19103F-16F7-4668-BE54-9A1E7A4F7556}") = "EventHandlerCheckApp", "EventHandlerCheckApp\EventHandlerCheckApp.csproj", "{36334681-213F-4EB8-8F5C-725CF735A1BC}"
EndProject
Project("{9A19103F-16F7-4668-BE54-9A1E7A4F7556}") = "LambdaTestApp", "LambdaTestApp\LambdaTestApp.csproj", "{8BA6C411-BA1A-4AB4-B15C-493007D34A96}"
EndProject
Project("{9A19103F-16F7-4668-BE54-9A1E7A4F7556}") = "LinQTestApp", "LinQTestApp\LinQTestApp.csproj", "{A60F8537-8A71-439D-8026-5DC4C0983D1B}"
EndProject
Project("{9A19103F-16F7-4668-BE54-9A1E7A4F7556}") = "ReflectionTestApp", "ReflectionTestApp\ReflectionTestApp.csproj", "{994686C1-31B8-40B1-9DA0-5A9F1191426C}"
EndProject
Project("{9A19103F-16F7-4668-BE54-9A1E7A4F7556}") = "DynCreationTest", "DynCreationTest\DynCreationTest.csproj", "{BD695605-4A34-4E94-A57E-6F555AE6CFB3}"
EndProject
Project("{9A19103F-16F7-4668-BE54-9A1E7A4F7556}") = "AttributeTestApp", "AttributeTestApp\AttributeTestApp.csproj", "{6A52A0D7-EAA3-429F-8B21-72BBC8878FB9}"
EndProject
Project("{9A19103F-16F7-4668-BE54-9A1E7A4F7556}") = "AttributePlusTestApp", "AttributePlusTestApp\AttributePlusTestApp.csproj", "{04274202-0168-4593-BB74-8C771A983D36}"
EndProject
Project("{9A19103F-16F7-4668-BE54-9A1E7A4F7556}") = "FileDirectoryTestApp", "FileDirectoryTestApp\FileDirectoryTestApp.csproj", "{1A06209A-BAB4-4AC7-9E87-A0F29A77F142}"
EndProject
Project("{9A19103F-16F7-4668-BE54-9A1E7A4F7556}") = "FileReadingTestApp", "FileReadingTestApp\FileReadingTestApp.csproj", "{81527CAB-1CE3-4B9D-A806-D971A22661F8}"
EndProject
Project("{9A19103F-16F7-4668-BE54-9A1E7A4F7556}") = "NLoggerTestApp", "NLoggerTestApp\NLoggerTestApp.csproj", "{69E6DA9C-37FC-4EBB-844C-14A1DC731A97}"
EndProject
Project("{9A19103F-16F7-4668-BE54-9A1E7A4F7556}") = "ThreadTestApp", "ThreadTestApp\ThreadTestApp.csproj", "{F9EBE648-D97E-4EEC-BEC0-43E70D61FA83}"
EndProject
Project("{9A19103F-16F7-4668-BE54-9A1E7A4F7556}") = "WinFormsThreadApp", "WinFormsThreadApp\WinFormsThreadApp.csproj", "{CCD47461-62CE-4B05-A332-20F1D1576AB4}"
EndProject
Project("{9A19103F-16F7-4668-BE54-9A1E7A4F7556}") = "ThreadLockTestApp", "ThreadLockTestApp\ThreadLockTestApp.csproj", "{0AB69C97-E856-4141-AF6B-B0DE5137403F}"
EndProject
Project("{9A19103F-16F7-4668-BE54-9A1E7A4F7556}") = "TaskTestApp", "TaskTestApp\TaskTestApp.csproj", "{3D8FBD94-A616-4153-994B-0138A528A65E}"
EndProject
Project("{9A19103F-16F7-4668-BE54-9A1E7A4F7556}") = "ParallelTestApp", "ParallelTestApp\ParallelTestApp.csproj", "{0D160B65-F4D7-4599-8EA1-7FC00ACBF385}"
EndProject
Project("{9A19103F-16F7-4668-BE54-9A1E7A4F7556}") = "AsyncTestApp", "AsyncTestApp\AsyncTestApp.csproj", "{7FB43FA3-98DE-4A15-972E-C4CA2C438986}"
EndProject
Project("{FAE04EC0-301F-11D3-BF4B-00C04F79EFBC}") = "TextEditorApp", "TextEditorApp\TextEditorApp.csproj", "{2F159AED-C4FD-456D-93BC-732049BF59FC}"
EndProject
Global
	GlobalSection(SolutionConfigurationPlatforms) = preSolution
		Debug|Any CPU = Debug|Any CPU
		Release|Any CPU = Release|Any CPU
	EndGlobalSection
	GlobalSection(ProjectConfigurationPlatforms) = postSolution
		{D7073512-6B97-469D-88D6-8778121F7A45}.Debug|Any CPU.ActiveCfg = Debug|Any CPU
		{D7073512-6B97-469D-88D6-8778121F7A45}.Debug|Any CPU.Build.0 = Debug|Any CPU
		{D7073512-6B97-469D-88D6-8778121F7A45}.Release|Any CPU.ActiveCfg = Release|Any CPU
		{D7073512-6B97-469D-88D6-8778121F7A45}.Release|Any CPU.Build.0 = Release|Any CPU
		{2EA89D4F-FC7F-4C56-A4F9-45D9DA7962C5}.Debug|Any CPU.ActiveCfg = Debug|Any CPU
		{2EA89D4F-FC7F-4C56-A4F9-45D9DA7962C5}.Debug|Any CPU.Build.0 = Debug|Any CPU
		{2EA89D4F-FC7F-4C56-A4F9-45D9DA7962C5}.Release|Any CPU.ActiveCfg = Release|Any CPU
		{2EA89D4F-FC7F-4C56-A4F9-45D9DA7962C5}.Release|Any CPU.Build.0 = Release|Any CPU
		{76C7BF38-819A-46EF-912F-09A826B44092}.Debug|Any CPU.ActiveCfg = Debug|Any CPU
		{76C7BF38-819A-46EF-912F-09A826B44092}.Debug|Any CPU.Build.0 = Debug|Any CPU
		{76C7BF38-819A-46EF-912F-09A826B44092}.Release|Any CPU.ActiveCfg = Release|Any CPU
		{76C7BF38-819A-46EF-912F-09A826B44092}.Release|Any CPU.Build.0 = Release|Any CPU
		{0D9C7399-EE36-47E3-9D07-98476310C796}.Debug|Any CPU.ActiveCfg = Debug|Any CPU
		{0D9C7399-EE36-47E3-9D07-98476310C796}.Debug|Any CPU.Build.0 = Debug|Any CPU
		{0D9C7399-EE36-47E3-9D07-98476310C796}.Release|Any CPU.ActiveCfg = Release|Any CPU
		{0D9C7399-EE36-47E3-9D07-98476310C796}.Release|Any CPU.Build.0 = Release|Any CPU
		{30B75C84-6B2A-4B1C-A939-CFC4ACC68437}.Debug|Any CPU.ActiveCfg = Debug|Any CPU
		{30B75C84-6B2A-4B1C-A939-CFC4ACC68437}.Debug|Any CPU.Build.0 = Debug|Any CPU
		{30B75C84-6B2A-4B1C-A939-CFC4ACC68437}.Release|Any CPU.ActiveCfg = Release|Any CPU
		{30B75C84-6B2A-4B1C-A939-CFC4ACC68437}.Release|Any CPU.Build.0 = Release|Any CPU
		{5D33C455-F7F9-4DA3-8F97-C31B786DEB5A}.Debug|Any CPU.ActiveCfg = Debug|Any CPU
		{5D33C455-F7F9-4DA3-8F97-C31B786DEB5A}.Debug|Any CPU.Build.0 = Debug|Any CPU
		{5D33C455-F7F9-4DA3-8F97-C31B786DEB5A}.Release|Any CPU.ActiveCfg = Release|Any CPU
		{5D33C455-F7F9-4DA3-8F97-C31B786DEB5A}.Release|Any CPU.Build.0 = Release|Any CPU
		{61EBEAA7-D479-42FE-9672-F5ED788CDF9A}.Debug|Any CPU.ActiveCfg = Debug|Any CPU
		{61EBEAA7-D479-42FE-9672-F5ED788CDF9A}.Debug|Any CPU.Build.0 = Debug|Any CPU
		{61EBEAA7-D479-42FE-9672-F5ED788CDF9A}.Release|Any CPU.ActiveCfg = Release|Any CPU
		{61EBEAA7-D479-42FE-9672-F5ED788CDF9A}.Release|Any CPU.Build.0 = Release|Any CPU
		{541B1E61-082E-41C1-B381-C9390C3652E5}.Debug|Any CPU.ActiveCfg = Debug|Any CPU
		{541B1E61-082E-41C1-B381-C9390C3652E5}.Debug|Any CPU.Build.0 = Debug|Any CPU
		{541B1E61-082E-41C1-B381-C9390C3652E5}.Release|Any CPU.ActiveCfg = Release|Any CPU
		{541B1E61-082E-41C1-B381-C9390C3652E5}.Release|Any CPU.Build.0 = Release|Any CPU
		{C0CE075B-811A-4EC9-AB23-6D6056D5C164}.Debug|Any CPU.ActiveCfg = Debug|Any CPU
		{C0CE075B-811A-4EC9-AB23-6D6056D5C164}.Debug|Any CPU.Build.0 = Debug|Any CPU
		{C0CE075B-811A-4EC9-AB23-6D6056D5C164}.Release|Any CPU.ActiveCfg = Release|Any CPU
		{C0CE075B-811A-4EC9-AB23-6D6056D5C164}.Release|Any CPU.Build.0 = Release|Any CPU
		{08ED15B9-7D55-4035-AC10-A89D424323EF}.Debug|Any CPU.ActiveCfg = Debug|Any CPU
		{08ED15B9-7D55-4035-AC10-A89D424323EF}.Debug|Any CPU.Build.0 = Debug|Any CPU
		{08ED15B9-7D55-4035-AC10-A89D424323EF}.Release|Any CPU.ActiveCfg = Release|Any CPU
		{08ED15B9-7D55-4035-AC10-A89D424323EF}.Release|Any CPU.Build.0 = Release|Any CPU
		{6A46A9CB-5B2E-438A-98E6-A9895C960F02}.Debug|Any CPU.ActiveCfg = Debug|Any CPU
		{6A46A9CB-5B2E-438A-98E6-A9895C960F02}.Debug|Any CPU.Build.0 = Debug|Any CPU
		{6A46A9CB-5B2E-438A-98E6-A9895C960F02}.Release|Any CPU.ActiveCfg = Release|Any CPU
		{6A46A9CB-5B2E-438A-98E6-A9895C960F02}.Release|Any CPU.Build.0 = Release|Any CPU
		{DDF8CA48-BE03-4BF5-A380-668664B6DFFF}.Debug|Any CPU.ActiveCfg = Debug|Any CPU
		{DDF8CA48-BE03-4BF5-A380-668664B6DFFF}.Debug|Any CPU.Build.0 = Debug|Any CPU
		{DDF8CA48-BE03-4BF5-A380-668664B6DFFF}.Release|Any CPU.ActiveCfg = Release|Any CPU
		{DDF8CA48-BE03-4BF5-A380-668664B6DFFF}.Release|Any CPU.Build.0 = Release|Any CPU
		{0C7CC1FF-8DB5-49C4-BEF0-F19F145F261D}.Debug|Any CPU.ActiveCfg = Debug|Any CPU
		{0C7CC1FF-8DB5-49C4-BEF0-F19F145F261D}.Debug|Any CPU.Build.0 = Debug|Any CPU
		{0C7CC1FF-8DB5-49C4-BEF0-F19F145F261D}.Release|Any CPU.ActiveCfg = Release|Any CPU
		{0C7CC1FF-8DB5-49C4-BEF0-F19F145F261D}.Release|Any CPU.Build.0 = Release|Any CPU
		{2EA99500-DCF4-4D39-A85C-27045B87D557}.Debug|Any CPU.ActiveCfg = Debug|Any CPU
		{2EA99500-DCF4-4D39-A85C-27045B87D557}.Debug|Any CPU.Build.0 = Debug|Any CPU
		{2EA99500-DCF4-4D39-A85C-27045B87D557}.Release|Any CPU.ActiveCfg = Release|Any CPU
		{2EA99500-DCF4-4D39-A85C-27045B87D557}.Release|Any CPU.Build.0 = Release|Any CPU
		{7A967FF1-BAE1-434D-BA8C-9CF8542C9CCF}.Debug|Any CPU.ActiveCfg = Debug|Any CPU
		{7A967FF1-BAE1-434D-BA8C-9CF8542C9CCF}.Debug|Any CPU.Build.0 = Debug|Any CPU
		{7A967FF1-BAE1-434D-BA8C-9CF8542C9CCF}.Release|Any CPU.ActiveCfg = Release|Any CPU
		{7A967FF1-BAE1-434D-BA8C-9CF8542C9CCF}.Release|Any CPU.Build.0 = Release|Any CPU
		{E50E4A29-67A7-40B3-A6A4-D76281751D35}.Debug|Any CPU.ActiveCfg = Debug|Any CPU
		{E50E4A29-67A7-40B3-A6A4-D76281751D35}.Debug|Any CPU.Build.0 = Debug|Any CPU
		{E50E4A29-67A7-40B3-A6A4-D76281751D35}.Release|Any CPU.ActiveCfg = Release|Any CPU
		{E50E4A29-67A7-40B3-A6A4-D76281751D35}.Release|Any CPU.Build.0 = Release|Any CPU
		{47E865D6-04BD-4C71-B8DC-CE7E0330D61E}.Debug|Any CPU.ActiveCfg = Debug|Any CPU
		{47E865D6-04BD-4C71-B8DC-CE7E0330D61E}.Debug|Any CPU.Build.0 = Debug|Any CPU
		{47E865D6-04BD-4C71-B8DC-CE7E0330D61E}.Release|Any CPU.ActiveCfg = Release|Any CPU
		{47E865D6-04BD-4C71-B8DC-CE7E0330D61E}.Release|Any CPU.Build.0 = Release|Any CPU
		{D8EF1467-1B9C-4C8C-97E3-77AF400E0BFA}.Debug|Any CPU.ActiveCfg = Debug|Any CPU
		{D8EF1467-1B9C-4C8C-97E3-77AF400E0BFA}.Debug|Any CPU.Build.0 = Debug|Any CPU
		{D8EF1467-1B9C-4C8C-97E3-77AF400E0BFA}.Release|Any CPU.ActiveCfg = Release|Any CPU
		{D8EF1467-1B9C-4C8C-97E3-77AF400E0BFA}.Release|Any CPU.Build.0 = Release|Any CPU
		{36334681-213F-4EB8-8F5C-725CF735A1BC}.Debug|Any CPU.ActiveCfg = Debug|Any CPU
		{36334681-213F-4EB8-8F5C-725CF735A1BC}.Debug|Any CPU.Build.0 = Debug|Any CPU
		{36334681-213F-4EB8-8F5C-725CF735A1BC}.Release|Any CPU.ActiveCfg = Release|Any CPU
		{36334681-213F-4EB8-8F5C-725CF735A1BC}.Release|Any CPU.Build.0 = Release|Any CPU
		{8BA6C411-BA1A-4AB4-B15C-493007D34A96}.Debug|Any CPU.ActiveCfg = Debug|Any CPU
		{8BA6C411-BA1A-4AB4-B15C-493007D34A96}.Debug|Any CPU.Build.0 = Debug|Any CPU
		{8BA6C411-BA1A-4AB4-B15C-493007D34A96}.Release|Any CPU.ActiveCfg = Release|Any CPU
		{8BA6C411-BA1A-4AB4-B15C-493007D34A96}.Release|Any CPU.Build.0 = Release|Any CPU
		{A60F8537-8A71-439D-8026-5DC4C0983D1B}.Debug|Any CPU.ActiveCfg = Debug|Any CPU
		{A60F8537-8A71-439D-8026-5DC4C0983D1B}.Debug|Any CPU.Build.0 = Debug|Any CPU
		{A60F8537-8A71-439D-8026-5DC4C0983D1B}.Release|Any CPU.ActiveCfg = Release|Any CPU
		{A60F8537-8A71-439D-8026-5DC4C0983D1B}.Release|Any CPU.Build.0 = Release|Any CPU
		{994686C1-31B8-40B1-9DA0-5A9F1191426C}.Debug|Any CPU.ActiveCfg = Debug|Any CPU
		{994686C1-31B8-40B1-9DA0-5A9F1191426C}.Debug|Any CPU.Build.0 = Debug|Any CPU
		{994686C1-31B8-40B1-9DA0-5A9F1191426C}.Release|Any CPU.ActiveCfg = Release|Any CPU
		{994686C1-31B8-40B1-9DA0-5A9F1191426C}.Release|Any CPU.Build.0 = Release|Any CPU
		{BD695605-4A34-4E94-A57E-6F555AE6CFB3}.Debug|Any CPU.ActiveCfg = Debug|Any CPU
		{BD695605-4A34-4E94-A57E-6F555AE6CFB3}.Debug|Any CPU.Build.0 = Debug|Any CPU
		{BD695605-4A34-4E94-A57E-6F555AE6CFB3}.Release|Any CPU.ActiveCfg = Release|Any CPU
		{BD695605-4A34-4E94-A57E-6F555AE6CFB3}.Release|Any CPU.Build.0 = Release|Any CPU
		{6A52A0D7-EAA3-429F-8B21-72BBC8878FB9}.Debug|Any CPU.ActiveCfg = Debug|Any CPU
		{6A52A0D7-EAA3-429F-8B21-72BBC8878FB9}.Debug|Any CPU.Build.0 = Debug|Any CPU
		{6A52A0D7-EAA3-429F-8B21-72BBC8878FB9}.Release|Any CPU.ActiveCfg = Release|Any CPU
		{6A52A0D7-EAA3-429F-8B21-72BBC8878FB9}.Release|Any CPU.Build.0 = Release|Any CPU
		{04274202-0168-4593-BB74-8C771A983D36}.Debug|Any CPU.ActiveCfg = Debug|Any CPU
		{04274202-0168-4593-BB74-8C771A983D36}.Debug|Any CPU.Build.0 = Debug|Any CPU
		{04274202-0168-4593-BB74-8C771A983D36}.Release|Any CPU.ActiveCfg = Release|Any CPU
		{04274202-0168-4593-BB74-8C771A983D36}.Release|Any CPU.Build.0 = Release|Any CPU
		{1A06209A-BAB4-4AC7-9E87-A0F29A77F142}.Debug|Any CPU.ActiveCfg = Debug|Any CPU
		{1A06209A-BAB4-4AC7-9E87-A0F29A77F142}.Debug|Any CPU.Build.0 = Debug|Any CPU
		{1A06209A-BAB4-4AC7-9E87-A0F29A77F142}.Release|Any CPU.ActiveCfg = Release|Any CPU
		{1A06209A-BAB4-4AC7-9E87-A0F29A77F142}.Release|Any CPU.Build.0 = Release|Any CPU
		{81527CAB-1CE3-4B9D-A806-D971A22661F8}.Debug|Any CPU.ActiveCfg = Debug|Any CPU
		{81527CAB-1CE3-4B9D-A806-D971A22661F8}.Debug|Any CPU.Build.0 = Debug|Any CPU
		{81527CAB-1CE3-4B9D-A806-D971A22661F8}.Release|Any CPU.ActiveCfg = Release|Any CPU
		{81527CAB-1CE3-4B9D-A806-D971A22661F8}.Release|Any CPU.Build.0 = Release|Any CPU
		{69E6DA9C-37FC-4EBB-844C-14A1DC731A97}.Debug|Any CPU.ActiveCfg = Debug|Any CPU
		{69E6DA9C-37FC-4EBB-844C-14A1DC731A97}.Debug|Any CPU.Build.0 = Debug|Any CPU
		{69E6DA9C-37FC-4EBB-844C-14A1DC731A97}.Release|Any CPU.ActiveCfg = Release|Any CPU
		{69E6DA9C-37FC-4EBB-844C-14A1DC731A97}.Release|Any CPU.Build.0 = Release|Any CPU
		{F9EBE648-D97E-4EEC-BEC0-43E70D61FA83}.Debug|Any CPU.ActiveCfg = Debug|Any CPU
		{F9EBE648-D97E-4EEC-BEC0-43E70D61FA83}.Debug|Any CPU.Build.0 = Debug|Any CPU
		{F9EBE648-D97E-4EEC-BEC0-43E70D61FA83}.Release|Any CPU.ActiveCfg = Release|Any CPU
		{F9EBE648-D97E-4EEC-BEC0-43E70D61FA83}.Release|Any CPU.Build.0 = Release|Any CPU
		{CCD47461-62CE-4B05-A332-20F1D1576AB4}.Debug|Any CPU.ActiveCfg = Debug|Any CPU
		{CCD47461-62CE-4B05-A332-20F1D1576AB4}.Debug|Any CPU.Build.0 = Debug|Any CPU
		{CCD47461-62CE-4B05-A332-20F1D1576AB4}.Release|Any CPU.ActiveCfg = Release|Any CPU
		{CCD47461-62CE-4B05-A332-20F1D1576AB4}.Release|Any CPU.Build.0 = Release|Any CPU
		{0AB69C97-E856-4141-AF6B-B0DE5137403F}.Debug|Any CPU.ActiveCfg = Debug|Any CPU
		{0AB69C97-E856-4141-AF6B-B0DE5137403F}.Debug|Any CPU.Build.0 = Debug|Any CPU
		{0AB69C97-E856-4141-AF6B-B0DE5137403F}.Release|Any CPU.ActiveCfg = Release|Any CPU
		{0AB69C97-E856-4141-AF6B-B0DE5137403F}.Release|Any CPU.Build.0 = Release|Any CPU
		{3D8FBD94-A616-4153-994B-0138A528A65E}.Debug|Any CPU.ActiveCfg = Debug|Any CPU
		{3D8FBD94-A616-4153-994B-0138A528A65E}.Debug|Any CPU.Build.0 = Debug|Any CPU
		{3D8FBD94-A616-4153-994B-0138A528A65E}.Release|Any CPU.ActiveCfg = Release|Any CPU
		{3D8FBD94-A616-4153-994B-0138A528A65E}.Release|Any CPU.Build.0 = Release|Any CPU
		{0D160B65-F4D7-4599-8EA1-7FC00ACBF385}.Debug|Any CPU.ActiveCfg = Debug|Any CPU
		{0D160B65-F4D7-4599-8EA1-7FC00ACBF385}.Debug|Any CPU.Build.0 = Debug|Any CPU
		{0D160B65-F4D7-4599-8EA1-7FC00ACBF385}.Release|Any CPU.ActiveCfg = Release|Any CPU
		{0D160B65-F4D7-4599-8EA1-7FC00ACBF385}.Release|Any CPU.Build.0 = Release|Any CPU
		{7FB43FA3-98DE-4A15-972E-C4CA2C438986}.Debug|Any CPU.ActiveCfg = Debug|Any CPU
		{7FB43FA3-98DE-4A15-972E-C4CA2C438986}.Debug|Any CPU.Build.0 = Debug|Any CPU
		{7FB43FA3-98DE-4A15-972E-C4CA2C438986}.Release|Any CPU.ActiveCfg = Release|Any CPU
		{7FB43FA3-98DE-4A15-972E-C4CA2C438986}.Release|Any CPU.Build.0 = Release|Any CPU
		{2F159AED-C4FD-456D-93BC-732049BF59FC}.Debug|Any CPU.ActiveCfg = Debug|Any CPU
		{2F159AED-C4FD-456D-93BC-732049BF59FC}.Debug|Any CPU.Build.0 = Debug|Any CPU
		{2F159AED-C4FD-456D-93BC-732049BF59FC}.Release|Any CPU.ActiveCfg = Release|Any CPU
		{2F159AED-C4FD-456D-93BC-732049BF59FC}.Release|Any CPU.Build.0 = Release|Any CPU
	EndGlobalSection
	GlobalSection(SolutionProperties) = preSolution
		HideSolutionNode = FALSE
	EndGlobalSection
	GlobalSection(ExtensibilityGlobals) = postSolution
		SolutionGuid = {2E989DEC-2EAF-4563-BE74-07AAF09EBA66}
	EndGlobalSection
EndGlobal
