
Microsoft Visual Studio Solution File, Format Version 12.00
# Visual Studio Version 16
VisualStudioVersion = 16.0.31205.134
MinimumVisualStudioVersion = 10.0.40219.1
Project("{FAE04EC0-301F-11D3-BF4B-00C04F79EFBC}") = "ClassTestApp", "ClassTestApp\ClassTestApp.csproj", "{D7073512-6B97-469D-88D6-8778121F7A45}"
EndProject
Global
	GlobalSection(SolutionConfigurationPlatforms) = preSolution
		Debug|Any CPU = Debug|Any CPU
		Release|Any CPU = Release|Any CPU
	EndGlobalSection
	GlobalSection(ProjectConfigurationPlatforms) = postSolution
		{D7073512-6B97-469D-88D6-8778121F7A45}.Debug|Any CPU.ActiveCfg = Debug|Any CPU
		{D7073512-6B97-469D-88D6-8778121F7A45}.Debug|Any CPU.Build.0 = Debug|Any CPU
		{D7073512-6B97-469D-88D6-8778121F7A45}.Release|Any CPU.ActiveCfg = Release|Any CPU
		{D7073512-6B97-469D-88D6-8778121F7A45}.Release|Any CPU.Build.0 = Release|Any CPU
	EndGlobalSection
	GlobalSection(SolutionProperties) = preSolution
		HideSolutionNode = FALSE
	EndGlobalSection
	GlobalSection(ExtensibilityGlobals) = postSolution
		SolutionGuid = {2E989DEC-2EAF-4563-BE74-07AAF09EBA66}
	EndGlobalSection
EndGlobal
